// !$*UTF8*$!
{
	archiveVersion = 1;
	classes = {
	};
	objectVersion = 46;
	objects = {

/* Begin PBXBuildFile section */
		0F22E1AF1E8407D1004B722A /* AppDelegate.swift in Sources */ = {isa = PBXBuildFile; fileRef = 0F22E1AE1E8407D1004B722A /* AppDelegate.swift */; };
		0F22E1B41E8407D1004B722A /* Main.storyboard in Resources */ = {isa = PBXBuildFile; fileRef = 0F22E1B21E8407D1004B722A /* Main.storyboard */; };
		0F22E1B61E8407D1004B722A /* Assets.xcassets in Resources */ = {isa = PBXBuildFile; fileRef = 0F22E1B51E8407D1004B722A /* Assets.xcassets */; };
		0F22E1B91E8407D1004B722A /* LaunchScreen.storyboard in Resources */ = {isa = PBXBuildFile; fileRef = 0F22E1B71E8407D1004B722A /* LaunchScreen.storyboard */; };
		5A3BD7B620778E40000AEF0A /* DeliveryInputField.swift in Sources */ = {isa = PBXBuildFile; fileRef = 5A3BD7B420778E3F000AEF0A /* DeliveryInputField.swift */; };
		5A3BD7B720778E40000AEF0A /* DeliveryMethod.swift in Sources */ = {isa = PBXBuildFile; fileRef = 5A3BD7B520778E3F000AEF0A /* DeliveryMethod.swift */; };
		5A77B6A3206D3F0E00EDD775 /* Picture.swift in Sources */ = {isa = PBXBuildFile; fileRef = 5A77B698206D3F0E00EDD775 /* Picture.swift */; };
		5A77B6A4206D3F0E00EDD775 /* OpenHoursInfo.swift in Sources */ = {isa = PBXBuildFile; fileRef = 5A77B699206D3F0E00EDD775 /* OpenHoursInfo.swift */; };
		5A77B6A5206D3F0E00EDD775 /* Price.swift in Sources */ = {isa = PBXBuildFile; fileRef = 5A77B69A206D3F0E00EDD775 /* Price.swift */; };
		5A77B6A6206D3F0E00EDD775 /* StandardOption.swift in Sources */ = {isa = PBXBuildFile; fileRef = 5A77B69B206D3F0E00EDD775 /* StandardOption.swift */; };
		5A77B6A7206D3F0E00EDD775 /* MenuItem.swift in Sources */ = {isa = PBXBuildFile; fileRef = 5A77B69C206D3F0E00EDD775 /* MenuItem.swift */; };
		5A77B6A8206D3F0E00EDD775 /* Category.swift in Sources */ = {isa = PBXBuildFile; fileRef = 5A77B69D206D3F0E00EDD775 /* Category.swift */; };
		5A77B6A9206D3F0E00EDD775 /* Business.swift in Sources */ = {isa = PBXBuildFile; fileRef = 5A77B69E206D3F0E00EDD775 /* Business.swift */; };
		5A77B6AA206D3F0E00EDD775 /* Map.swift in Sources */ = {isa = PBXBuildFile; fileRef = 5A77B69F206D3F0E00EDD775 /* Map.swift */; };
		5A77B6AB206D3F0E00EDD775 /* Article.swift in Sources */ = {isa = PBXBuildFile; fileRef = 5A77B6A0206D3F0E00EDD775 /* Article.swift */; };
		5A77B6AC206D3F0E00EDD775 /* ExtraOption.swift in Sources */ = {isa = PBXBuildFile; fileRef = 5A77B6A1206D3F0E00EDD775 /* ExtraOption.swift */; };
		5A77B6AD206D3F0E00EDD775 /* Tag.swift in Sources */ = {isa = PBXBuildFile; fileRef = 5A77B6A2206D3F0E00EDD775 /* Tag.swift */; };
		5A98C45820691333001C3B89 /* PictureHelper.swift in Sources */ = {isa = PBXBuildFile; fileRef = 5A98C45720691333001C3B89 /* PictureHelper.swift */; };
		5AAAC53F2063CA81001A486B /* AboutUsViewController.swift in Sources */ = {isa = PBXBuildFile; fileRef = 5AAAC53E2063CA81001A486B /* AboutUsViewController.swift */; };
		5AAAC5412063CA90001A486B /* DeliveryMethodsViewController.swift in Sources */ = {isa = PBXBuildFile; fileRef = 5AAAC5402063CA90001A486B /* DeliveryMethodsViewController.swift */; };
		5AAAC5432063CAA2001A486B /* DeliveryViewController.swift in Sources */ = {isa = PBXBuildFile; fileRef = 5AAAC5422063CAA2001A486B /* DeliveryViewController.swift */; };
		5AAAC5452063CAB7001A486B /* MapViewController.swift in Sources */ = {isa = PBXBuildFile; fileRef = 5AAAC5442063CAB7001A486B /* MapViewController.swift */; };
		5AAAC5472063CB50001A486B /* ShoppingCartViewController.swift in Sources */ = {isa = PBXBuildFile; fileRef = 5AAAC5462063CB50001A486B /* ShoppingCartViewController.swift */; };
		5AAAC5492063CB83001A486B /* ItemDetailsViewController.swift in Sources */ = {isa = PBXBuildFile; fileRef = 5AAAC5482063CB83001A486B /* ItemDetailsViewController.swift */; };
		5AAAC54B2063CB95001A486B /* AlertViewController.swift in Sources */ = {isa = PBXBuildFile; fileRef = 5AAAC54A2063CB95001A486B /* AlertViewController.swift */; };
		5AAAC54D2063CBA6001A486B /* LoginViewController.swift in Sources */ = {isa = PBXBuildFile; fileRef = 5AAAC54C2063CBA6001A486B /* LoginViewController.swift */; };
		5AAAC54F2063CBB6001A486B /* SplitViewController.swift in Sources */ = {isa = PBXBuildFile; fileRef = 5AAAC54E2063CBB6001A486B /* SplitViewController.swift */; };
		5AAAC5512063CBC9001A486B /* HomeViewController.swift in Sources */ = {isa = PBXBuildFile; fileRef = 5AAAC5502063CBC9001A486B /* HomeViewController.swift */; };
		5AAAC5532063CBD8001A486B /* ItemsViewController.swift in Sources */ = {isa = PBXBuildFile; fileRef = 5AAAC5522063CBD8001A486B /* ItemsViewController.swift */; };
		5AAAC5562063CDC1001A486B /* ItemCell.swift in Sources */ = {isa = PBXBuildFile; fileRef = 5AAAC5552063CDC1001A486B /* ItemCell.swift */; };
		5AAAC5582063CDD4001A486B /* ItemInfoCell.swift in Sources */ = {isa = PBXBuildFile; fileRef = 5AAAC5572063CDD4001A486B /* ItemInfoCell.swift */; };
		5AAAC55A2063CDE1001A486B /* OptionsAndExtrasCell.swift in Sources */ = {isa = PBXBuildFile; fileRef = 5AAAC5592063CDE1001A486B /* OptionsAndExtrasCell.swift */; };
		5AAAC55C2063CDEE001A486B /* RestaurantInfoCell.swift in Sources */ = {isa = PBXBuildFile; fileRef = 5AAAC55B2063CDEE001A486B /* RestaurantInfoCell.swift */; };
		5AAAC55E2063CDFA001A486B /* ShoppingCartCell.swift in Sources */ = {isa = PBXBuildFile; fileRef = 5AAAC55D2063CDFA001A486B /* ShoppingCartCell.swift */; };
		5AAAC5602063CE07001A486B /* SizeAndPriceCell.swift in Sources */ = {isa = PBXBuildFile; fileRef = 5AAAC55F2063CE07001A486B /* SizeAndPriceCell.swift */; };
		5AAAC5622063CE70001A486B /* TextFieldCell.swift in Sources */ = {isa = PBXBuildFile; fileRef = 5AAAC5612063CE70001A486B /* TextFieldCell.swift */; };
		5AAAC5642063CE7D001A486B /* TextViewCell.swift in Sources */ = {isa = PBXBuildFile; fileRef = 5AAAC5632063CE7D001A486B /* TextViewCell.swift */; };
		5AAAC5812063D0BE001A486B /* MapPin.swift in Sources */ = {isa = PBXBuildFile; fileRef = 5AAAC5802063D0BE001A486B /* MapPin.swift */; };
		5AAAC5842063D0D4001A486B /* ShoppingCart.swift in Sources */ = {isa = PBXBuildFile; fileRef = 5AAAC5832063D0D4001A486B /* ShoppingCart.swift */; };
		5AAAC5862063D0DD001A486B /* ShoppingCartItem.swift in Sources */ = {isa = PBXBuildFile; fileRef = 5AAAC5852063D0DD001A486B /* ShoppingCartItem.swift */; };
		5AAAC5892063D0F6001A486B /* ColorHelper.swift in Sources */ = {isa = PBXBuildFile; fileRef = 5AAAC5882063D0F6001A486B /* ColorHelper.swift */; };
		5AAAC58B2063D0FF001A486B /* UserDefaultsHelper.swift in Sources */ = {isa = PBXBuildFile; fileRef = 5AAAC58A2063D0FF001A486B /* UserDefaultsHelper.swift */; };
/* End PBXBuildFile section */

/* Begin PBXFileReference section */
		0F22E1AB1E8407D1004B722A /* restaurant.app */ = {isa = PBXFileReference; explicitFileType = wrapper.application; includeInIndex = 0; path = restaurant.app; sourceTree = BUILT_PRODUCTS_DIR; };
		0F22E1AE1E8407D1004B722A /* AppDelegate.swift */ = {isa = PBXFileReference; lastKnownFileType = sourcecode.swift; path = AppDelegate.swift; sourceTree = "<group>"; };
		0F22E1B31E8407D1004B722A /* Base */ = {isa = PBXFileReference; lastKnownFileType = file.storyboard; name = Base; path = Base.lproj/Main.storyboard; sourceTree = "<group>"; };
		0F22E1B51E8407D1004B722A /* Assets.xcassets */ = {isa = PBXFileReference; lastKnownFileType = folder.assetcatalog; path = Assets.xcassets; sourceTree = "<group>"; };
		0F22E1B81E8407D1004B722A /* Base */ = {isa = PBXFileReference; lastKnownFileType = file.storyboard; name = Base; path = Base.lproj/LaunchScreen.storyboard; sourceTree = "<group>"; };
		0F22E1BA1E8407D1004B722A /* Info.plist */ = {isa = PBXFileReference; lastKnownFileType = text.plist.xml; path = Info.plist; sourceTree = "<group>"; };
		5A3BD7B420778E3F000AEF0A /* DeliveryInputField.swift */ = {isa = PBXFileReference; fileEncoding = 4; lastKnownFileType = sourcecode.swift; path = DeliveryInputField.swift; sourceTree = "<group>"; };
		5A3BD7B520778E3F000AEF0A /* DeliveryMethod.swift */ = {isa = PBXFileReference; fileEncoding = 4; lastKnownFileType = sourcecode.swift; path = DeliveryMethod.swift; sourceTree = "<group>"; };
		5A77B698206D3F0E00EDD775 /* Picture.swift */ = {isa = PBXFileReference; fileEncoding = 4; lastKnownFileType = sourcecode.swift; path = Picture.swift; sourceTree = "<group>"; };
		5A77B699206D3F0E00EDD775 /* OpenHoursInfo.swift */ = {isa = PBXFileReference; fileEncoding = 4; lastKnownFileType = sourcecode.swift; path = OpenHoursInfo.swift; sourceTree = "<group>"; };
		5A77B69A206D3F0E00EDD775 /* Price.swift */ = {isa = PBXFileReference; fileEncoding = 4; lastKnownFileType = sourcecode.swift; path = Price.swift; sourceTree = "<group>"; };
		5A77B69B206D3F0E00EDD775 /* StandardOption.swift */ = {isa = PBXFileReference; fileEncoding = 4; lastKnownFileType = sourcecode.swift; path = StandardOption.swift; sourceTree = "<group>"; };
		5A77B69C206D3F0E00EDD775 /* MenuItem.swift */ = {isa = PBXFileReference; fileEncoding = 4; lastKnownFileType = sourcecode.swift; path = MenuItem.swift; sourceTree = "<group>"; };
		5A77B69D206D3F0E00EDD775 /* Category.swift */ = {isa = PBXFileReference; fileEncoding = 4; lastKnownFileType = sourcecode.swift; path = Category.swift; sourceTree = "<group>"; };
		5A77B69E206D3F0E00EDD775 /* Business.swift */ = {isa = PBXFileReference; fileEncoding = 4; lastKnownFileType = sourcecode.swift; path = Business.swift; sourceTree = "<group>"; };
		5A77B69F206D3F0E00EDD775 /* Map.swift */ = {isa = PBXFileReference; fileEncoding = 4; lastKnownFileType = sourcecode.swift; path = Map.swift; sourceTree = "<group>"; };
		5A77B6A0206D3F0E00EDD775 /* Article.swift */ = {isa = PBXFileReference; fileEncoding = 4; lastKnownFileType = sourcecode.swift; path = Article.swift; sourceTree = "<group>"; };
		5A77B6A1206D3F0E00EDD775 /* ExtraOption.swift */ = {isa = PBXFileReference; fileEncoding = 4; lastKnownFileType = sourcecode.swift; path = ExtraOption.swift; sourceTree = "<group>"; };
		5A77B6A2206D3F0E00EDD775 /* Tag.swift */ = {isa = PBXFileReference; fileEncoding = 4; lastKnownFileType = sourcecode.swift; path = Tag.swift; sourceTree = "<group>"; };
		5A98C45720691333001C3B89 /* PictureHelper.swift */ = {isa = PBXFileReference; lastKnownFileType = sourcecode.swift; path = PictureHelper.swift; sourceTree = "<group>"; };
		5AAAC53E2063CA81001A486B /* AboutUsViewController.swift */ = {isa = PBXFileReference; lastKnownFileType = sourcecode.swift; path = AboutUsViewController.swift; sourceTree = "<group>"; };
		5AAAC5402063CA90001A486B /* DeliveryMethodsViewController.swift */ = {isa = PBXFileReference; lastKnownFileType = sourcecode.swift; path = DeliveryMethodsViewController.swift; sourceTree = "<group>"; };
		5AAAC5422063CAA2001A486B /* DeliveryViewController.swift */ = {isa = PBXFileReference; lastKnownFileType = sourcecode.swift; path = DeliveryViewController.swift; sourceTree = "<group>"; };
		5AAAC5442063CAB7001A486B /* MapViewController.swift */ = {isa = PBXFileReference; lastKnownFileType = sourcecode.swift; path = MapViewController.swift; sourceTree = "<group>"; };
		5AAAC5462063CB50001A486B /* ShoppingCartViewController.swift */ = {isa = PBXFileReference; lastKnownFileType = sourcecode.swift; path = ShoppingCartViewController.swift; sourceTree = "<group>"; };
		5AAAC5482063CB83001A486B /* ItemDetailsViewController.swift */ = {isa = PBXFileReference; lastKnownFileType = sourcecode.swift; path = ItemDetailsViewController.swift; sourceTree = "<group>"; };
		5AAAC54A2063CB95001A486B /* AlertViewController.swift */ = {isa = PBXFileReference; lastKnownFileType = sourcecode.swift; path = AlertViewController.swift; sourceTree = "<group>"; };
		5AAAC54C2063CBA6001A486B /* LoginViewController.swift */ = {isa = PBXFileReference; lastKnownFileType = sourcecode.swift; path = LoginViewController.swift; sourceTree = "<group>"; };
		5AAAC54E2063CBB6001A486B /* SplitViewController.swift */ = {isa = PBXFileReference; lastKnownFileType = sourcecode.swift; path = SplitViewController.swift; sourceTree = "<group>"; };
		5AAAC5502063CBC9001A486B /* HomeViewController.swift */ = {isa = PBXFileReference; lastKnownFileType = sourcecode.swift; path = HomeViewController.swift; sourceTree = "<group>"; };
		5AAAC5522063CBD8001A486B /* ItemsViewController.swift */ = {isa = PBXFileReference; lastKnownFileType = sourcecode.swift; path = ItemsViewController.swift; sourceTree = "<group>"; };
		5AAAC5552063CDC1001A486B /* ItemCell.swift */ = {isa = PBXFileReference; lastKnownFileType = sourcecode.swift; path = ItemCell.swift; sourceTree = "<group>"; };
		5AAAC5572063CDD4001A486B /* ItemInfoCell.swift */ = {isa = PBXFileReference; lastKnownFileType = sourcecode.swift; path = ItemInfoCell.swift; sourceTree = "<group>"; };
		5AAAC5592063CDE1001A486B /* OptionsAndExtrasCell.swift */ = {isa = PBXFileReference; lastKnownFileType = sourcecode.swift; path = OptionsAndExtrasCell.swift; sourceTree = "<group>"; };
		5AAAC55B2063CDEE001A486B /* RestaurantInfoCell.swift */ = {isa = PBXFileReference; lastKnownFileType = sourcecode.swift; path = RestaurantInfoCell.swift; sourceTree = "<group>"; };
		5AAAC55D2063CDFA001A486B /* ShoppingCartCell.swift */ = {isa = PBXFileReference; lastKnownFileType = sourcecode.swift; path = ShoppingCartCell.swift; sourceTree = "<group>"; };
		5AAAC55F2063CE07001A486B /* SizeAndPriceCell.swift */ = {isa = PBXFileReference; lastKnownFileType = sourcecode.swift; path = SizeAndPriceCell.swift; sourceTree = "<group>"; };
		5AAAC5612063CE70001A486B /* TextFieldCell.swift */ = {isa = PBXFileReference; lastKnownFileType = sourcecode.swift; path = TextFieldCell.swift; sourceTree = "<group>"; };
		5AAAC5632063CE7D001A486B /* TextViewCell.swift */ = {isa = PBXFileReference; lastKnownFileType = sourcecode.swift; path = TextViewCell.swift; sourceTree = "<group>"; };
		5AAAC5802063D0BE001A486B /* MapPin.swift */ = {isa = PBXFileReference; lastKnownFileType = sourcecode.swift; path = MapPin.swift; sourceTree = "<group>"; };
		5AAAC5832063D0D4001A486B /* ShoppingCart.swift */ = {isa = PBXFileReference; lastKnownFileType = sourcecode.swift; path = ShoppingCart.swift; sourceTree = "<group>"; };
		5AAAC5852063D0DD001A486B /* ShoppingCartItem.swift */ = {isa = PBXFileReference; lastKnownFileType = sourcecode.swift; path = ShoppingCartItem.swift; sourceTree = "<group>"; };
		5AAAC5882063D0F6001A486B /* ColorHelper.swift */ = {isa = PBXFileReference; lastKnownFileType = sourcecode.swift; path = ColorHelper.swift; sourceTree = "<group>"; };
		5AAAC58A2063D0FF001A486B /* UserDefaultsHelper.swift */ = {isa = PBXFileReference; lastKnownFileType = sourcecode.swift; path = UserDefaultsHelper.swift; sourceTree = "<group>"; };
/* End PBXFileReference section */

/* Begin PBXFrameworksBuildPhase section */
		0F22E1A81E8407D1004B722A /* Frameworks */ = {
			isa = PBXFrameworksBuildPhase;
			buildActionMask = 2147483647;
			files = (
			);
			runOnlyForDeploymentPostprocessing = 0;
		};
/* End PBXFrameworksBuildPhase section */

/* Begin PBXGroup section */
		0F22E1A21E8407D1004B722A = {
			isa = PBXGroup;
			children = (
				0F22E1AD1E8407D1004B722A /* restaurant */,
				0F22E1AC1E8407D1004B722A /* Products */,
			);
			sourceTree = "<group>";
		};
		0F22E1AC1E8407D1004B722A /* Products */ = {
			isa = PBXGroup;
			children = (
				0F22E1AB1E8407D1004B722A /* restaurant.app */,
			);
			name = Products;
			sourceTree = "<group>";
		};
		0F22E1AD1E8407D1004B722A /* restaurant */ = {
			isa = PBXGroup;
			children = (
				5A77B697206D3F0E00EDD775 /* Data */,
				5AAAC53D2063C9B6001A486B /* View Controllers */,
				5AAAC5542063CD96001A486B /* Cells */,
				5AAAC57F2063D0B4001A486B /* Map */,
				5AAAC5822063D0CA001A486B /* ShoppingCart */,
				5AAAC5872063D0E8001A486B /* Utils */,
				0F22E1AE1E8407D1004B722A /* AppDelegate.swift */,
				0F22E1B21E8407D1004B722A /* Main.storyboard */,
				0F22E1B51E8407D1004B722A /* Assets.xcassets */,
				0F22E1B71E8407D1004B722A /* LaunchScreen.storyboard */,
				0F22E1BA1E8407D1004B722A /* Info.plist */,
			);
			path = restaurant;
			sourceTree = "<group>";
		};
		5A77B697206D3F0E00EDD775 /* Data */ = {
			isa = PBXGroup;
			children = (
				5A3BD7B420778E3F000AEF0A /* DeliveryInputField.swift */,
				5A3BD7B520778E3F000AEF0A /* DeliveryMethod.swift */,
				5A77B698206D3F0E00EDD775 /* Picture.swift */,
				5A77B699206D3F0E00EDD775 /* OpenHoursInfo.swift */,
				5A77B69A206D3F0E00EDD775 /* Price.swift */,
				5A77B69B206D3F0E00EDD775 /* StandardOption.swift */,
				5A77B69C206D3F0E00EDD775 /* MenuItem.swift */,
				5A77B69D206D3F0E00EDD775 /* Category.swift */,
				5A77B69E206D3F0E00EDD775 /* Business.swift */,
				5A77B69F206D3F0E00EDD775 /* Map.swift */,
				5A77B6A0206D3F0E00EDD775 /* Article.swift */,
				5A77B6A1206D3F0E00EDD775 /* ExtraOption.swift */,
				5A77B6A2206D3F0E00EDD775 /* Tag.swift */,
			);
			name = Data;
			path = restaurant/Data;
			sourceTree = SOURCE_ROOT;
		};
		5AAAC53D2063C9B6001A486B /* View Controllers */ = {
			isa = PBXGroup;
			children = (
				5AAAC53E2063CA81001A486B /* AboutUsViewController.swift */,
				5AAAC5402063CA90001A486B /* DeliveryMethodsViewController.swift */,
				5AAAC5422063CAA2001A486B /* DeliveryViewController.swift */,
				5AAAC54A2063CB95001A486B /* AlertViewController.swift */,
				5AAAC5442063CAB7001A486B /* MapViewController.swift */,
				5AAAC5462063CB50001A486B /* ShoppingCartViewController.swift */,
				5AAAC5482063CB83001A486B /* ItemDetailsViewController.swift */,
				5AAAC54C2063CBA6001A486B /* LoginViewController.swift */,
				5AAAC54E2063CBB6001A486B /* SplitViewController.swift */,
				5AAAC5502063CBC9001A486B /* HomeViewController.swift */,
				5AAAC5522063CBD8001A486B /* ItemsViewController.swift */,
			);
			path = "View Controllers";
			sourceTree = "<group>";
		};
		5AAAC5542063CD96001A486B /* Cells */ = {
			isa = PBXGroup;
			children = (
				5AAAC5552063CDC1001A486B /* ItemCell.swift */,
				5AAAC5572063CDD4001A486B /* ItemInfoCell.swift */,
				5AAAC5592063CDE1001A486B /* OptionsAndExtrasCell.swift */,
				5AAAC55B2063CDEE001A486B /* RestaurantInfoCell.swift */,
				5AAAC55D2063CDFA001A486B /* ShoppingCartCell.swift */,
				5AAAC55F2063CE07001A486B /* SizeAndPriceCell.swift */,
				5AAAC5612063CE70001A486B /* TextFieldCell.swift */,
				5AAAC5632063CE7D001A486B /* TextViewCell.swift */,
			);
			path = Cells;
			sourceTree = "<group>";
		};
		5AAAC57F2063D0B4001A486B /* Map */ = {
			isa = PBXGroup;
			children = (
				5AAAC5802063D0BE001A486B /* MapPin.swift */,
			);
			path = Map;
			sourceTree = "<group>";
		};
		5AAAC5822063D0CA001A486B /* ShoppingCart */ = {
			isa = PBXGroup;
			children = (
				5AAAC5832063D0D4001A486B /* ShoppingCart.swift */,
				5AAAC5852063D0DD001A486B /* ShoppingCartItem.swift */,
			);
			path = ShoppingCart;
			sourceTree = "<group>";
		};
		5AAAC5872063D0E8001A486B /* Utils */ = {
			isa = PBXGroup;
			children = (
				5AAAC5882063D0F6001A486B /* ColorHelper.swift */,
				5AAAC58A2063D0FF001A486B /* UserDefaultsHelper.swift */,
				5A98C45720691333001C3B89 /* PictureHelper.swift */,
			);
			path = Utils;
			sourceTree = "<group>";
		};
/* End PBXGroup section */

/* Begin PBXNativeTarget section */
		0F22E1AA1E8407D1004B722A /* restaurant */ = {
			isa = PBXNativeTarget;
			buildConfigurationList = 0F22E1BD1E8407D1004B722A /* Build configuration list for PBXNativeTarget "restaurant" */;
			buildPhases = (
				0F22E1A71E8407D1004B722A /* Sources */,
				0F22E1A81E8407D1004B722A /* Frameworks */,
				0F22E1A91E8407D1004B722A /* Resources */,
			);
			buildRules = (
			);
			dependencies = (
			);
			name = restaurant;
			productName = restaurant;
			productReference = 0F22E1AB1E8407D1004B722A /* restaurant.app */;
			productType = "com.apple.product-type.application";
		};
/* End PBXNativeTarget section */

/* Begin PBXProject section */
		0F22E1A31E8407D1004B722A /* Project object */ = {
			isa = PBXProject;
			attributes = {
				LastSwiftUpdateCheck = 0820;
				LastUpgradeCheck = 0930;
				TargetAttributes = {
					0F22E1AA1E8407D1004B722A = {
						CreatedOnToolsVersion = 8.2.1;
						ProvisioningStyle = Automatic;
					};
				};
			};
			buildConfigurationList = 0F22E1A61E8407D1004B722A /* Build configuration list for PBXProject "restaurant" */;
			compatibilityVersion = "Xcode 3.2";
			developmentRegion = English;
			hasScannedForEncodings = 0;
			knownRegions = (
				en,
				Base,
			);
			mainGroup = 0F22E1A21E8407D1004B722A;
			productRefGroup = 0F22E1AC1E8407D1004B722A /* Products */;
			projectDirPath = "";
			projectRoot = "";
			targets = (
				0F22E1AA1E8407D1004B722A /* restaurant */,
			);
		};
/* End PBXProject section */

/* Begin PBXResourcesBuildPhase section */
		0F22E1A91E8407D1004B722A /* Resources */ = {
			isa = PBXResourcesBuildPhase;
			buildActionMask = 2147483647;
			files = (
				0F22E1B91E8407D1004B722A /* LaunchScreen.storyboard in Resources */,
				0F22E1B61E8407D1004B722A /* Assets.xcassets in Resources */,
				0F22E1B41E8407D1004B722A /* Main.storyboard in Resources */,
			);
			runOnlyForDeploymentPostprocessing = 0;
		};
/* End PBXResourcesBuildPhase section */

/* Begin PBXSourcesBuildPhase section */
		0F22E1A71E8407D1004B722A /* Sources */ = {
			isa = PBXSourcesBuildPhase;
			buildActionMask = 2147483647;
			files = (
				5AAAC5562063CDC1001A486B /* ItemCell.swift in Sources */,
				5A3BD7B620778E40000AEF0A /* DeliveryInputField.swift in Sources */,
				5AAAC54D2063CBA6001A486B /* LoginViewController.swift in Sources */,
				5AAAC55A2063CDE1001A486B /* OptionsAndExtrasCell.swift in Sources */,
				5A77B6A9206D3F0E00EDD775 /* Business.swift in Sources */,
				5AAAC58B2063D0FF001A486B /* UserDefaultsHelper.swift in Sources */,
				5A77B6A3206D3F0E00EDD775 /* Picture.swift in Sources */,
				5AAAC5532063CBD8001A486B /* ItemsViewController.swift in Sources */,
				5AAAC53F2063CA81001A486B /* AboutUsViewController.swift in Sources */,
				5AAAC5412063CA90001A486B /* DeliveryMethodsViewController.swift in Sources */,
				5AAAC5472063CB50001A486B /* ShoppingCartViewController.swift in Sources */,
				5A77B6AA206D3F0E00EDD775 /* Map.swift in Sources */,
				5AAAC54B2063CB95001A486B /* AlertViewController.swift in Sources */,
				5AAAC55C2063CDEE001A486B /* RestaurantInfoCell.swift in Sources */,
				5AAAC5812063D0BE001A486B /* MapPin.swift in Sources */,
				5AAAC5842063D0D4001A486B /* ShoppingCart.swift in Sources */,
				5A77B6A7206D3F0E00EDD775 /* MenuItem.swift in Sources */,
				5AAAC54F2063CBB6001A486B /* SplitViewController.swift in Sources */,
				5A3BD7B720778E40000AEF0A /* DeliveryMethod.swift in Sources */,
				5AAAC5432063CAA2001A486B /* DeliveryViewController.swift in Sources */,
				5A98C45820691333001C3B89 /* PictureHelper.swift in Sources */,
				5A77B6AB206D3F0E00EDD775 /* Article.swift in Sources */,
				5AAAC5622063CE70001A486B /* TextFieldCell.swift in Sources */,
				5A77B6A6206D3F0E00EDD775 /* StandardOption.swift in Sources */,
				5AAAC5512063CBC9001A486B /* HomeViewController.swift in Sources */,
				5AAAC5452063CAB7001A486B /* MapViewController.swift in Sources */,
				5A77B6AC206D3F0E00EDD775 /* ExtraOption.swift in Sources */,
				5AAAC5492063CB83001A486B /* ItemDetailsViewController.swift in Sources */,
				5AAAC5602063CE07001A486B /* SizeAndPriceCell.swift in Sources */,
				5AAAC55E2063CDFA001A486B /* ShoppingCartCell.swift in Sources */,
				5A77B6A5206D3F0E00EDD775 /* Price.swift in Sources */,
				5A77B6AD206D3F0E00EDD775 /* Tag.swift in Sources */,
				5AAAC5642063CE7D001A486B /* TextViewCell.swift in Sources */,
				5A77B6A4206D3F0E00EDD775 /* OpenHoursInfo.swift in Sources */,
				5AAAC5892063D0F6001A486B /* ColorHelper.swift in Sources */,
				5AAAC5862063D0DD001A486B /* ShoppingCartItem.swift in Sources */,
				5AAAC5582063CDD4001A486B /* ItemInfoCell.swift in Sources */,
				0F22E1AF1E8407D1004B722A /* AppDelegate.swift in Sources */,
				5A77B6A8206D3F0E00EDD775 /* Category.swift in Sources */,
			);
			runOnlyForDeploymentPostprocessing = 0;
		};
/* End PBXSourcesBuildPhase section */

/* Begin PBXVariantGroup section */
		0F22E1B21E8407D1004B722A /* Main.storyboard */ = {
			isa = PBXVariantGroup;
			children = (
				0F22E1B31E8407D1004B722A /* Base */,
			);
			name = Main.storyboard;
			sourceTree = "<group>";
		};
		0F22E1B71E8407D1004B722A /* LaunchScreen.storyboard */ = {
			isa = PBXVariantGroup;
			children = (
				0F22E1B81E8407D1004B722A /* Base */,
			);
			name = LaunchScreen.storyboard;
			sourceTree = "<group>";
		};
/* End PBXVariantGroup section */

/* Begin XCBuildConfiguration section */
		0F22E1BB1E8407D1004B722A /* Debug */ = {
			isa = XCBuildConfiguration;
			buildSettings = {
				ALWAYS_SEARCH_USER_PATHS = NO;
				CLANG_ANALYZER_NONNULL = YES;
				CLANG_CXX_LANGUAGE_STANDARD = "gnu++0x";
				CLANG_CXX_LIBRARY = "libc++";
				CLANG_ENABLE_MODULES = YES;
				CLANG_ENABLE_OBJC_ARC = YES;
				CLANG_WARN_BLOCK_CAPTURE_AUTORELEASING = YES;
				CLANG_WARN_BOOL_CONVERSION = YES;
				CLANG_WARN_COMMA = YES;
				CLANG_WARN_CONSTANT_CONVERSION = YES;
				CLANG_WARN_DEPRECATED_OBJC_IMPLEMENTATIONS = YES;
				CLANG_WARN_DIRECT_OBJC_ISA_USAGE = YES_ERROR;
				CLANG_WARN_DOCUMENTATION_COMMENTS = YES;
				CLANG_WARN_EMPTY_BODY = YES;
				CLANG_WARN_ENUM_CONVERSION = YES;
				CLANG_WARN_INFINITE_RECURSION = YES;
				CLANG_WARN_INT_CONVERSION = YES;
				CLANG_WARN_NON_LITERAL_NULL_CONVERSION = YES;
				CLANG_WARN_OBJC_IMPLICIT_RETAIN_SELF = YES;
				CLANG_WARN_OBJC_LITERAL_CONVERSION = YES;
				CLANG_WARN_OBJC_ROOT_CLASS = YES_ERROR;
				CLANG_WARN_RANGE_LOOP_ANALYSIS = YES;
				CLANG_WARN_STRICT_PROTOTYPES = YES;
				CLANG_WARN_SUSPICIOUS_MOVE = YES;
				CLANG_WARN_UNREACHABLE_CODE = YES;
				CLANG_WARN__DUPLICATE_METHOD_MATCH = YES;
				"CODE_SIGN_IDENTITY[sdk=iphoneos*]" = "iPhone Developer";
				COPY_PHASE_STRIP = NO;
				DEBUG_INFORMATION_FORMAT = dwarf;
				ENABLE_STRICT_OBJC_MSGSEND = YES;
				ENABLE_TESTABILITY = YES;
				GCC_C_LANGUAGE_STANDARD = gnu99;
				GCC_DYNAMIC_NO_PIC = NO;
				GCC_NO_COMMON_BLOCKS = YES;
				GCC_OPTIMIZATION_LEVEL = 0;
				GCC_PREPROCESSOR_DEFINITIONS = (
					"DEBUG=1",
					"$(inherited)",
				);
				GCC_WARN_64_TO_32_BIT_CONVERSION = YES;
				GCC_WARN_ABOUT_RETURN_TYPE = YES_ERROR;
				GCC_WARN_UNDECLARED_SELECTOR = YES;
				GCC_WARN_UNINITIALIZED_AUTOS = YES_AGGRESSIVE;
				GCC_WARN_UNUSED_FUNCTION = YES;
				GCC_WARN_UNUSED_VARIABLE = YES;
				IPHONEOS_DEPLOYMENT_TARGET = 8.0;
				MTL_ENABLE_DEBUG_INFO = YES;
				ONLY_ACTIVE_ARCH = YES;
				SDKROOT = iphoneos;
				SWIFT_ACTIVE_COMPILATION_CONDITIONS = DEBUG;
				SWIFT_OPTIMIZATION_LEVEL = "-Onone";
			};
			name = Debug;
		};
		0F22E1BC1E8407D1004B722A /* Release */ = {
			isa = XCBuildConfiguration;
			buildSettings = {
				ALWAYS_SEARCH_USER_PATHS = NO;
				CLANG_ANALYZER_NONNULL = YES;
				CLANG_CXX_LANGUAGE_STANDARD = "gnu++0x";
				CLANG_CXX_LIBRARY = "libc++";
				CLANG_ENABLE_MODULES = YES;
				CLANG_ENABLE_OBJC_ARC = YES;
				CLANG_WARN_BLOCK_CAPTURE_AUTORELEASING = YES;
				CLANG_WARN_BOOL_CONVERSION = YES;
				CLANG_WARN_COMMA = YES;
				CLANG_WARN_CONSTANT_CONVERSION = YES;
				CLANG_WARN_DEPRECATED_OBJC_IMPLEMENTATIONS = YES;
				CLANG_WARN_DIRECT_OBJC_ISA_USAGE = YES_ERROR;
				CLANG_WARN_DOCUMENTATION_COMMENTS = YES;
				CLANG_WARN_EMPTY_BODY = YES;
				CLANG_WARN_ENUM_CONVERSION = YES;
				CLANG_WARN_INFINITE_RECURSION = YES;
				CLANG_WARN_INT_CONVERSION = YES;
				CLANG_WARN_NON_LITERAL_NULL_CONVERSION = YES;
				CLANG_WARN_OBJC_IMPLICIT_RETAIN_SELF = YES;
				CLANG_WARN_OBJC_LITERAL_CONVERSION = YES;
				CLANG_WARN_OBJC_ROOT_CLASS = YES_ERROR;
				CLANG_WARN_RANGE_LOOP_ANALYSIS = YES;
				CLANG_WARN_STRICT_PROTOTYPES = YES;
				CLANG_WARN_SUSPICIOUS_MOVE = YES;
				CLANG_WARN_UNREACHABLE_CODE = YES;
				CLANG_WARN__DUPLICATE_METHOD_MATCH = YES;
				"CODE_SIGN_IDENTITY[sdk=iphoneos*]" = "iPhone Developer";
				COPY_PHASE_STRIP = NO;
				DEBUG_INFORMATION_FORMAT = "dwarf-with-dsym";
				ENABLE_NS_ASSERTIONS = NO;
				ENABLE_STRICT_OBJC_MSGSEND = YES;
				GCC_C_LANGUAGE_STANDARD = gnu99;
				GCC_NO_COMMON_BLOCKS = YES;
				GCC_WARN_64_TO_32_BIT_CONVERSION = YES;
				GCC_WARN_ABOUT_RETURN_TYPE = YES_ERROR;
				GCC_WARN_UNDECLARED_SELECTOR = YES;
				GCC_WARN_UNINITIALIZED_AUTOS = YES_AGGRESSIVE;
				GCC_WARN_UNUSED_FUNCTION = YES;
				GCC_WARN_UNUSED_VARIABLE = YES;
				IPHONEOS_DEPLOYMENT_TARGET = 8.0;
				MTL_ENABLE_DEBUG_INFO = NO;
				SDKROOT = iphoneos;
				SWIFT_OPTIMIZATION_LEVEL = "-Owholemodule";
				VALIDATE_PRODUCT = YES;
			};
			name = Release;
		};
		0F22E1BE1E8407D1004B722A /* Debug */ = {
			isa = XCBuildConfiguration;
			buildSettings = {
				ASSETCATALOG_COMPILER_APPICON_NAME = AppIcon;
				DEVELOPMENT_TEAM = "";
				INFOPLIST_FILE = restaurant/Info.plist;
				IPHONEOS_DEPLOYMENT_TARGET = 9.0;
				LD_RUNPATH_SEARCH_PATHS = "$(inherited) @executable_path/Frameworks";
				LIBRARY_SEARCH_PATHS = (
					"$(inherited)",
					"$(PROJECT_DIR)/lib/backendless",
				);
				PRODUCT_BUNDLE_IDENTIFIER = com.backendless.blueprints.restaurant;
				PRODUCT_NAME = "$(TARGET_NAME)";
				SWIFT_OBJC_BRIDGING_HEADER = "lib/backendless/include/Backendless-Bridging-Header.h";
				SWIFT_VERSION = 4.0;
			};
			name = Debug;
		};
		0F22E1BF1E8407D1004B722A /* Release */ = {
			isa = XCBuildConfiguration;
			buildSettings = {
				ASSETCATALOG_COMPILER_APPICON_NAME = AppIcon;
				DEVELOPMENT_TEAM = "";
				INFOPLIST_FILE = restaurant/Info.plist;
				IPHONEOS_DEPLOYMENT_TARGET = 9.0;
				LD_RUNPATH_SEARCH_PATHS = "$(inherited) @executable_path/Frameworks";
				LIBRARY_SEARCH_PATHS = (
					"$(inherited)",
					"$(PROJECT_DIR)/lib/backendless",
				);
				PRODUCT_BUNDLE_IDENTIFIER = com.backendless.blueprints.restaurant;
				PRODUCT_NAME = "$(TARGET_NAME)";
				SWIFT_OBJC_BRIDGING_HEADER = "lib/backendless/include/Backendless-Bridging-Header.h";
				SWIFT_VERSION = 4.0;
			};
			name = Release;
		};
/* End XCBuildConfiguration section */

/* Begin XCConfigurationList section */
		0F22E1A61E8407D1004B722A /* Build configuration list for PBXProject "restaurant" */ = {
			isa = XCConfigurationList;
			buildConfigurations = (
				0F22E1BB1E8407D1004B722A /* Debug */,
				0F22E1BC1E8407D1004B722A /* Release */,
			);
			defaultConfigurationIsVisible = 0;
			defaultConfigurationName = Release;
		};
		0F22E1BD1E8407D1004B722A /* Build configuration list for PBXNativeTarget "restaurant" */ = {
			isa = XCConfigurationList;
			buildConfigurations = (
				0F22E1BE1E8407D1004B722A /* Debug */,
				0F22E1BF1E8407D1004B722A /* Release */,
			);
			defaultConfigurationIsVisible = 0;
			defaultConfigurationName = Release;
		};
/* End XCConfigurationList section */
	};
	rootObject = 0F22E1A31E8407D1004B722A /* Project object */;
}
